dependencies:
  '@extollo/cli': 0.4.3
  '@extollo/di': 0.4.4
  '@extollo/i18n': 0.1.3
  '@extollo/lib': 0.1.3
  '@extollo/orm': 0.1.3
  '@extollo/util': 0.3.2
  copyfiles: 2.4.1
  typescript: 4.2.4
lockfileVersion: 5.2
packages:
  /@babel/helper-validator-identifier/7.12.11:
    dev: false
    resolution:
      integrity: sha512-np/lG3uARFybkoHokJUmf1QfEvRVCPbmQeUQpKow5cQ3xWrV9i3rUHodKDJPQfTVX61qKi+UdYk8kik84n7XOw==
  /@babel/parser/7.13.15:
    dev: false
    engines:
      node: '>=6.0.0'
    hasBin: true
    resolution:
      integrity: sha512-b9COtcAlVEQljy/9fbcMHpG+UIW9ReF+gpaxDHTlZd0c6/UU9ng8zdySAW9sRTzpvcdCHn6bUcbuYUgGzLAWVQ==
  /@babel/types/7.13.14:
    dependencies:
      '@babel/helper-validator-identifier': 7.12.11
      lodash: 4.17.21
      to-fast-properties: 2.0.0
    dev: false
    resolution:
      integrity: sha512-A2aa3QTkWoyqsZZFl56MLUsfmh7O0gN41IPvXAE/++8ojpbz12SszD7JEGYVdn4f9Kt4amIei07swF1h4AqmmQ==
  /@extollo/cli/0.4.3:
    dependencies:
      '@extollo/di': 0.4.4
      '@extollo/lib': 0.1.3
      '@extollo/util': 0.3.2
      '@types/node': 14.14.37
      colors: 1.4.0
      typescript: 4.2.4
    dev: false
    resolution:
      integrity: sha512-FylgibKIYBoW4P4dqK1q9KHym5C9q4LQxpJTxn0yPBnZiP1zVESMfi9OEBlFQ6Wfal3eVIPhVGN2lbbiCj/ucg==
  /@extollo/di/0.4.4:
    dependencies:
      '@extollo/util': 0.3.2
      '@types/node': 14.14.37
      reflect-metadata: 0.1.13
      typescript: 4.2.4
    dev: false
    resolution:
      integrity: sha512-kdljHQPxunw3KmDPxuXM7u6MwwnPvOvKGGoL0ItnMxCMHUQyBJSc+NkkRhgFnqr3WHEzTNfaYVg6hRVTvs3SOA==
  /@extollo/i18n/0.1.3:
    dependencies:
      '@extollo/cli': 0.4.3
      '@extollo/di': 0.4.4
      '@extollo/lib': 0.1.3
      '@extollo/util': 0.3.2
      '@types/node': 14.14.37
      '@types/pluralize': 0.0.29
      pluralize: 8.0.0
      typescript: 4.2.4
    dev: false
    resolution:
      integrity: sha512-F0s3mRZbfwdT2tfCM62/WpskR8xfXVIyJG8y2+cA4t94n21H8vxKiOzUgOmQmHcTryI3NeJOEHNqh0CDemzzug==
  /@extollo/lib/0.1.3:
    dependencies:
      '@extollo/di': 0.4.4
      '@extollo/util': 0.3.2
      '@types/negotiator': 0.6.1
      '@types/node': 14.14.37
      '@types/pug': 2.0.4
      colors: 1.4.0
      dotenv: 8.2.0
      negotiator: 0.6.2
      pug: 3.0.2
      ts-node: 9.1.1_typescript@4.2.4
      typescript: 4.2.4
    dev: false
    resolution:
      integrity: sha512-bDeGFCfj3Ib8TMl/hnSdkJkN3zIejVEvUO1OGoERgDCx6QlI1SWACYuieSAwvwxbqNYXXNDlmGN7msRMqF22bQ==
  /@extollo/orm/0.1.3:
    dependencies:
      '@extollo/cli': 0.4.3
      '@extollo/di': 0.4.4
      '@extollo/lib': 0.1.3
      '@extollo/util': 0.3.2
      '@types/node': 14.14.37
      '@types/pg': 7.14.11
      pg: 8.5.1
      typescript: 4.2.4
    dev: false
    resolution:
      integrity: sha512-1EYWRfypCXFBnDMoVTbUzQGBsBmB03axSLNE8XKmEFvGHwLvA9Kz+ArDKeyYzJeCDbT/Mihy5nAQGcm8WXVAsg==
  /@extollo/util/0.3.2:
    dependencies:
      '@types/mkdirp': 1.0.1
      '@types/node': 14.14.37
      '@types/rimraf': 3.0.0
      '@types/ssh2': 0.5.46
      '@types/uuid': 8.3.0
      colors: 1.4.0
      mkdirp: 1.0.4
      rimraf: 3.0.2
      ssh2: 0.8.9
      typescript: 4.2.4
      uuid: 8.3.2
    dev: false
    resolution:
      integrity: sha512-cL50wHrIiRHn6W3niQZftYDgFB8K8x0dxbJPZtnt4/iy32m1aWxEx9UL8Ttldas6zDt4Ws1zBp0fInSKOKcQnQ==
  /@types/glob/7.1.3:
    dependencies:
      '@types/minimatch': 3.0.4
      '@types/node': 14.14.37
    dev: false
    resolution:
      integrity: sha512-SEYeGAIQIQX8NN6LDKprLjbrd5dARM5EXsd8GI/A5l0apYI1fGMWgPHSe4ZKL4eozlAyI+doUE9XbYS4xCkQ1w==
  /@types/minimatch/3.0.4:
    dev: false
    resolution:
      integrity: sha512-1z8k4wzFnNjVK/tlxvrWuK5WMt6mydWWP7+zvH5eFep4oj+UkrfiJTRtjCeBXNpwaA/FYqqtb4/QS4ianFpIRA==
  /@types/mkdirp/1.0.1:
    dependencies:
      '@types/node': 14.14.37
    dev: false
    resolution:
      integrity: sha512-HkGSK7CGAXncr8Qn/0VqNtExEE+PHMWb+qlR1faHMao7ng6P3tAaoWWBMdva0gL5h4zprjIO89GJOLXsMcDm1Q==
  /@types/negotiator/0.6.1:
    dev: false
    resolution:
      integrity: sha512-c4mvXFByghezQ/eVGN5HvH/jI63vm3B7FiE81BUzDAWmuiohRecCO6ddU60dfq29oKUMiQujsoB2h0JQC7JHKA==
  /@types/node/14.14.37:
    dev: false
    resolution:
      integrity: sha512-XYmBiy+ohOR4Lh5jE379fV2IU+6Jn4g5qASinhitfyO71b/sCo6MKsMLF5tc7Zf2CE8hViVQyYSobJNke8OvUw==
  /@types/pg/7.14.11:
    dependencies:
      '@types/node': 14.14.37
      pg-protocol: 1.4.0
      pg-types: 2.2.0
    dev: false
    resolution:
      integrity: sha512-EnZkZ1OMw9DvNfQkn2MTJrwKmhJYDEs5ujWrPfvseWNoI95N8B4HzU/Ltrq5ZfYxDX/Zg8mTzwr6UAyTjjFvXA==
  /@types/pluralize/0.0.29:
    dev: false
    resolution:
      integrity: sha512-BYOID+l2Aco2nBik+iYS4SZX0Lf20KPILP5RGmM1IgzdwNdTs0eebiFriOPcej1sX9mLnSoiNte5zcFxssgpGA==
  /@types/pug/2.0.4:
    dev: false
    resolution:
      integrity: sha1-h3L80EGOPNLMFxVV1zAHQVBR9LI=
  /@types/rimraf/3.0.0:
    dependencies:
      '@types/glob': 7.1.3
      '@types/node': 14.14.37
    dev: false
    resolution:
      integrity: sha512-7WhJ0MdpFgYQPXlF4Dx+DhgvlPCfz/x5mHaeDQAKhcenvQP1KCpLQ18JklAqeGMYSAT2PxLpzd0g2/HE7fj7hQ==
  /@types/ssh2-streams/0.1.8:
    dependencies:
      '@types/node': 14.14.37
    dev: false
    resolution:
      integrity: sha512-I7gixRPUvVIyJuCEvnmhr3KvA2dC0639kKswqD4H5b4/FOcnPtNU+qWLiXdKIqqX9twUvi5j0U1mwKE5CUsrfA==
  /@types/ssh2/0.5.46:
    dependencies:
      '@types/node': 14.14.37
      '@types/ssh2-streams': 0.1.8
    dev: false
    resolution:
      integrity: sha512-1pC8FHrMPYdkLoUOwTYYifnSEPzAFZRsp3JFC/vokQ+dRrVI+hDBwz0SNmQ3pL6h39OSZlPs0uCG7wKJkftnaA==
  /@types/uuid/8.3.0:
    dev: false
    resolution:
      integrity: sha512-eQ9qFW/fhfGJF8WKHGEHZEyVWfZxrT+6CLIJGBcZPfxUh/+BnEj+UCGYMlr9qZuX/2AltsvwrGqp0LhEW8D0zQ==
  /acorn/7.4.1:
    dev: false
    engines:
      node: '>=0.4.0'
    hasBin: true
    resolution:
      integrity: sha512-nQyp0o1/mNdbTO1PO6kHkwSrmgZ0MT/jCCpNiwbUjGoRN4dlBhqJtoQuCnEOKzgTVwg0ZWiCoQy6SxMebQVh8A==
  /ansi-regex/5.0.0:
    dev: false
    engines:
      node: '>=8'
    resolution:
      integrity: sha512-bY6fj56OUQ0hU1KjFNDQuJFezqKdrAyFdIevADiqrWHwSlbmBNMHp5ak2f40Pm8JTFyM2mqxkG6ngkHO11f/lg==
  /ansi-styles/4.3.0:
    dependencies:
      color-convert: 2.0.1
    dev: false
    engines:
      node: '>=8'
    resolution:
      integrity: sha512-zbB9rCJAT1rbjiVDb2hqKFHNYLxgtk8NURxZ3IZwD3F6NtxbXZQCnnSi1Lkx+IDohdPlFp222wVALIheZJQSEg==
  /arg/4.1.3:
    dev: false
    resolution:
      integrity: sha512-58S9QDqG0Xx27YwPSt9fJxivjYl432YCwfDMfZ+71RAqUrZef7LrKQZ3LHLOwCS4FLNBplP533Zx895SeOCHvA==
  /asap/2.0.6:
    dev: false
    resolution:
      integrity: sha1-5QNHYR1+aQlDIIu9r+vLwvuGbUY=
  /asn1/0.2.4:
    dependencies:
      safer-buffer: 2.1.2
    dev: false
    resolution:
      integrity: sha512-jxwzQpLQjSmWXgwaCZE9Nz+glAG01yF1QnWgbhGwHI5A6FRIEY6IVqtHhIepHqI7/kyEyQEagBC5mBEFlIYvdg==
  /assert-never/1.2.1:
    dev: false
    resolution:
      integrity: sha512-TaTivMB6pYI1kXwrFlEhLeGfOqoDNdTxjCdwRfFFkEA30Eu+k48W34nlok2EYWJfFFzqaEmichdNM7th6M5HNw==
  /babel-walk/3.0.0-canary-5:
    dependencies:
      '@babel/types': 7.13.14
    dev: false
    engines:
      node: '>= 10.0.0'
    resolution:
      integrity: sha512-GAwkz0AihzY5bkwIY5QDR+LvsRQgB/B+1foMPvi0FZPMl5fjD7ICiznUiBdLYMH1QYe6vqu4gWYytZOccLouFw==
  /balanced-match/1.0.2:
    dev: false
    resolution:
      integrity: sha512-3oSeUO0TMV67hN1AmbXsK4yaqU7tjiHlbxRDZOpH0KW9+CeX4bRAaX0Anxt0tx2MrpRpWwQaPwIlISEJhYU5Pw==
  /bcrypt-pbkdf/1.0.2:
    dependencies:
      tweetnacl: 0.14.5
    dev: false
    resolution:
      integrity: sha1-pDAdOJtqQ/m2f/PKEaP2Y342Dp4=
  /brace-expansion/1.1.11:
    dependencies:
      balanced-match: 1.0.2
      concat-map: 0.0.1
    dev: false
    resolution:
      integrity: sha512-iCuPHDFgrHX7H2vEI/5xpz07zSHB00TpugqhmYtVmMO6518mCuRMoOYFldEBl0g187ufozdaHgWKcYFb61qGiA==
  /buffer-from/1.1.1:
    dev: false
    resolution:
      integrity: sha512-MQcXEUbCKtEo7bhqEs6560Hyd4XaovZlO/k9V3hjVUF/zwW7KBVdSK4gIt/bzwS9MbR5qob+F5jusZsb0YQK2A==
  /buffer-writer/2.0.0:
    dev: false
    engines:
      node: '>=4'
    resolution:
      integrity: sha512-a7ZpuTZU1TRtnwyCNW3I5dc0wWNC3VR9S++Ewyk2HHZdrO3CQJqSpd+95Us590V6AL7JqUAH2IwZ/398PmNFgw==
  /call-bind/1.0.2:
    dependencies:
      function-bind: 1.1.1
      get-intrinsic: 1.1.1
    dev: false
    resolution:
      integrity: sha512-7O+FbCihrB5WGbFYesctwmTKae6rOiIzmz1icreWJ+0aA7LJfuqhEso2T9ncpcFtzMQtzXf2QGGueWJGTYsqrA==
  /character-parser/2.2.0:
    dependencies:
      is-regex: 1.1.2
    dev: false
    resolution:
      integrity: sha1-x84o821LzZdE5f/CxfzeHHMmH8A=
  /cliui/7.0.4:
    dependencies:
      string-width: 4.2.2
      strip-ansi: 6.0.0
      wrap-ansi: 7.0.0
    dev: false
    resolution:
      integrity: sha512-OcRE68cOsVMXp1Yvonl/fzkQOyjLSu/8bhPDfQt0e0/Eb283TKP20Fs2MqoPsr9SwA595rRCA+QMzYc9nBP+JQ==
  /color-convert/2.0.1:
    dependencies:
      color-name: 1.1.4
    dev: false
    engines:
      node: '>=7.0.0'
    resolution:
      integrity: sha512-RRECPsj7iu/xb5oKYcsFHSppFNnsj/52OVTRKb4zP5onXwVF3zVmmToNcOfGC+CRDpfK/U584fMg38ZHCaElKQ==
  /color-name/1.1.4:
    dev: false
    resolution:
      integrity: sha512-dOy+3AuW3a2wNbZHIuMZpTcgjGuLU/uBL/ubcZF9OXbDo8ff4O8yVp5Bf0efS8uEoYo5q4Fx7dY9OgQGXgAsQA==
  /colors/1.4.0:
    dev: false
    engines:
      node: '>=0.1.90'
    resolution:
      integrity: sha512-a+UqTh4kgZg/SlGvfbzDHpgRu7AAQOmmqRHJnxhRZICKFUT91brVhNNt58CMWU9PsBbv3PDCZUHbVxuDiH2mtA==
  /concat-map/0.0.1:
    dev: false
    resolution:
      integrity: sha1-2Klr13/Wjfd5OnMDajug1UBdR3s=
  /constantinople/4.0.1:
    dependencies:
      '@babel/parser': 7.13.15
      '@babel/types': 7.13.14
    dev: false
    resolution:
      integrity: sha512-vCrqcSIq4//Gx74TXXCGnHpulY1dskqLTFGDmhrGxzeXL8lF8kvXv6mpNWlJj1uD4DW23D4ljAqbY4RRaaUZIw==
  /copyfiles/2.4.1:
    dependencies:
      glob: 7.1.6
      minimatch: 3.0.4
      mkdirp: 1.0.4
      noms: 0.0.0
      through2: 2.0.5
      untildify: 4.0.0
      yargs: 16.2.0
    dev: false
    hasBin: true
    resolution:
      integrity: sha512-fereAvAvxDrQDOXybk3Qu3dPbOoKoysFMWtkY3mv5BsL8//OSZVL5DCLYqgRfY5cWirgRzlC+WSrxp6Bo3eNZg==
  /core-util-is/1.0.2:
    dev: false
    resolution:
      integrity: sha1-tf1UIgqivFq1eqtxQMlAdUUDwac=
  /create-require/1.1.1:
    dev: false
    resolution:
      integrity: sha512-dcKFX3jn0MpIaXjisoRvexIJVEKzaq7z2rZKxf+MSr9TkdmHmsU4m2lcLojrj/FHl8mk5VxMmYA+ftRkP/3oKQ==
  /diff/4.0.2:
    dev: false
    engines:
      node: '>=0.3.1'
    resolution:
      integrity: sha512-58lmxKSA4BNyLz+HHMUzlOEpg09FV+ev6ZMe3vJihgdxzgcwZ8VoEEPmALCZG9LmqfVoNMMKpttIYTVG6uDY7A==
  /doctypes/1.1.0:
    dev: false
    resolution:
      integrity: sha1-6oCxBqh1OHdOijpKWv4pPeSJ4Kk=
  /dotenv/8.2.0:
    dev: false
    engines:
      node: '>=8'
    resolution:
      integrity: sha512-8sJ78ElpbDJBHNeBzUbUVLsqKdccaa/BXF1uPTw3GrvQTBgrQrtObr2mUrE38vzYd8cEv+m/JBfDLioYcfXoaw==
  /emoji-regex/8.0.0:
    dev: false
    resolution:
      integrity: sha512-MSjYzcWNOA0ewAHpz0MxpYFvwg6yjy1NG3xteoqz644VCo/RPgnr1/GGt+ic3iJTzQ8Eu3TdM14SawnVUmGE6A==
  /escalade/3.1.1:
    dev: false
    engines:
      node: '>=6'
    resolution:
      integrity: sha512-k0er2gUkLf8O0zKJiAhmkTnJlTvINGv7ygDNPbeIsX/TJjGJZHuh9B2UxbsaEkmlEo9MfhrSzmhIlhRlI2GXnw==
  /fs.realpath/1.0.0:
    dev: false
    resolution:
      integrity: sha1-FQStJSMVjKpA20onh8sBQRmU6k8=
  /function-bind/1.1.1:
    dev: false
    resolution:
      integrity: sha512-yIovAzMX49sF8Yl58fSCWJ5svSLuaibPxXQJFLmBObTuCr0Mf1KiPopGM9NiFjiYBCbfaa2Fh6breQ6ANVTI0A==
  /get-caller-file/2.0.5:
    dev: false
    engines:
      node: 6.* || 8.* || >= 10.*
    resolution:
      integrity: sha512-DyFP3BM/3YHTQOCUL/w0OZHR0lpKeGrxotcHWcqNEdnltqFwXVfhEBQ94eIo34AfQpo0rGki4cyIiftY06h2Fg==
  /get-intrinsic/1.1.1:
    dependencies:
      function-bind: 1.1.1
      has: 1.0.3
      has-symbols: 1.0.2
    dev: false
    resolution:
      integrity: sha512-kWZrnVM42QCiEA2Ig1bG8zjoIMOgxWwYCEeNdwY6Tv/cOSeGpcoX4pXHfKUxNKVoArnrEr2e9srnAxxGIraS9Q==
  /glob/7.1.6:
    dependencies:
      fs.realpath: 1.0.0
      inflight: 1.0.6
      inherits: 2.0.4
      minimatch: 3.0.4
      once: 1.4.0
      path-is-absolute: 1.0.1
    dev: false
    resolution:
      integrity: sha512-LwaxwyZ72Lk7vZINtNNrywX0ZuLyStrdDtabefZKAY5ZGJhVtgdznluResxNmPitE0SAO+O26sWTHeKSI2wMBA==
  /has-symbols/1.0.2:
    dev: false
    engines:
      node: '>= 0.4'
    resolution:
      integrity: sha512-chXa79rL/UC2KlX17jo3vRGz0azaWEx5tGqZg5pO3NUyEJVB17dMruQlzCCOfUvElghKcm5194+BCRvi2Rv/Gw==
  /has/1.0.3:
    dependencies:
      function-bind: 1.1.1
    dev: false
    engines:
      node: '>= 0.4.0'
    resolution:
      integrity: sha512-f2dvO0VU6Oej7RkWJGrehjbzMAjFp5/VKPp5tTpWIV4JHHZK1/BxbFRtf/siA2SWTe09caDmVtYYzWEIbBS4zw==
  /inflight/1.0.6:
    dependencies:
      once: 1.4.0
      wrappy: 1.0.2
    dev: false
    resolution:
      integrity: sha1-Sb1jMdfQLQwJvJEKEHW6gWW1bfk=
  /inherits/2.0.4:
    dev: false
    resolution:
      integrity: sha512-k/vGaX4/Yla3WzyMCvTQOXYeIHvqOKtnqBduzTHpzpQZzAskKMhZ2K+EnBiSM9zGSoIFeMpXKxa4dYeZIQqewQ==
  /is-core-module/2.2.0:
    dependencies:
      has: 1.0.3
    dev: false
    resolution:
      integrity: sha512-XRAfAdyyY5F5cOXn7hYQDqh2Xmii+DEfIcQGxK/uNwMHhIkPWO0g8msXcbzLe+MpGoR951MlqM/2iIlU4vKDdQ==
  /is-expression/4.0.0:
    dependencies:
      acorn: 7.4.1
      object-assign: 4.1.1
    dev: false
    resolution:
      integrity: sha512-zMIXX63sxzG3XrkHkrAPvm/OVZVSCPNkwMHU8oTX7/U3AL78I0QXCEICXUM13BIa8TYGZ68PiTKfQz3yaTNr4A==
  /is-fullwidth-code-point/3.0.0:
    dev: false
    engines:
      node: '>=8'
    resolution:
      integrity: sha512-zymm5+u+sCsSWyD9qNaejV3DFvhCKclKdizYaJUuHA83RLjb7nSuGnddCHGv0hk+KY7BMAlsWeK4Ueg6EV6XQg==
  /is-promise/2.2.2:
    dev: false
    resolution:
      integrity: sha512-+lP4/6lKUBfQjZ2pdxThZvLUAafmZb8OAxFb8XXtiQmS35INgr85hdOGoEs124ez1FCnZJt6jau/T+alh58QFQ==
  /is-regex/1.1.2:
    dependencies:
      call-bind: 1.0.2
      has-symbols: 1.0.2
    dev: false
    engines:
      node: '>= 0.4'
    resolution:
      integrity: sha512-axvdhb5pdhEVThqJzYXwMlVuZwC+FF2DpcOhTS+y/8jVq4trxyPgfcwIxIKiyeuLlSQYKkmUaPQJ8ZE4yNKXDg==
  /isarray/0.0.1:
    dev: false
    resolution:
      integrity: sha1-ihis/Kmo9Bd+Cav8YDiTmwXR7t8=
  /isarray/1.0.0:
    dev: false
    resolution:
      integrity: sha1-u5NdSFgsuhaMBoNJV6VKPgcSTxE=
  /js-stringify/1.0.2:
    dev: false
    resolution:
      integrity: sha1-Fzb939lyTyijaCrcYjCufk6Weds=
  /jstransformer/1.0.0:
    dependencies:
      is-promise: 2.2.2
      promise: 7.3.1
    dev: false
    resolution:
      integrity: sha1-7Yvwkh4vPx7U1cGkT2hwntJHIsM=
  /lodash/4.17.21:
    dev: false
    resolution:
      integrity: sha512-v2kDEe57lecTulaDIuNTPy3Ry4gLGJ6Z1O3vE1krgXZNrsQ+LFTGHVxVjcXPs17LhbZVGedAJv8XZ1tvj5FvSg==
  /make-error/1.3.6:
    dev: false
    resolution:
      integrity: sha512-s8UhlNe7vPKomQhC1qFelMokr/Sc3AgNbso3n74mVPA5LTZwkB9NlXf4XPamLxJE8h0gh73rM94xvwRT2CVInw==
  /minimatch/3.0.4:
    dependencies:
      brace-expansion: 1.1.11
    dev: false
    resolution:
      integrity: sha512-yJHVQEhyqPLUTgt9B83PXu6W3rx4MvvHvSUvToogpwoGDOUQ+yDrR0HRot+yOCdCO7u4hX3pWft6kWBBcqh0UA==
  /mkdirp/1.0.4:
    dev: false
    engines:
      node: '>=10'
    hasBin: true
    resolution:
      integrity: sha512-vVqVZQyf3WLx2Shd0qJ9xuvqgAyKPLAiqITEtqW0oIUjzo3PePDd6fW9iFz30ef7Ysp/oiWqbhszeGWW2T6Gzw==
  /negotiator/0.6.2:
    dev: false
    engines:
      node: '>= 0.6'
    resolution:
      integrity: sha512-hZXc7K2e+PgeI1eDBe/10Ard4ekbfrrqG8Ep+8Jmf4JID2bNg7NvCPOZN+kfF574pFQI7mum2AUqDidoKqcTOw==
  /noms/0.0.0:
    dependencies:
      inherits: 2.0.4
      readable-stream: 1.0.34
    dev: false
    resolution:
      integrity: sha1-2o69nzr51nYJGbJ9nNyAkqczKFk=
  /object-assign/4.1.1:
    dev: false
    engines:
      node: '>=0.10.0'
    resolution:
      integrity: sha1-IQmtx5ZYh8/AXLvUQsrIv7s2CGM=
  /once/1.4.0:
    dependencies:
      wrappy: 1.0.2
    dev: false
    resolution:
      integrity: sha1-WDsap3WWHUsROsF9nFC6753Xa9E=
  /packet-reader/1.0.0:
    dev: false
    resolution:
      integrity: sha512-HAKu/fG3HpHFO0AA8WE8q2g+gBJaZ9MG7fcKk+IJPLTGAD6Psw4443l+9DGRbOIh3/aXr7Phy0TjilYivJo5XQ==
  /path-is-absolute/1.0.1:
    dev: false
    engines:
      node: '>=0.10.0'
    resolution:
      integrity: sha1-F0uSaHNVNP+8es5r9TpanhtcX18=
  /path-parse/1.0.6:
    dev: false
    resolution:
      integrity: sha512-GSmOT2EbHrINBf9SR7CDELwlJ8AENk3Qn7OikK4nFYAu3Ote2+JYNVvkpAEQm3/TLNEJFD/xZJjzyxg3KBWOzw==
  /pg-connection-string/2.4.0:
    dev: false
    resolution:
      integrity: sha512-3iBXuv7XKvxeMrIgym7njT+HlZkwZqqGX4Bu9cci8xHZNT+Um1gWKqCsAzcC0d95rcKMU5WBg6YRUcHyV0HZKQ==
  /pg-int8/1.0.1:
    dev: false
    engines:
      node: '>=4.0.0'
    resolution:
      integrity: sha512-WCtabS6t3c8SkpDBUlb1kjOs7l66xsGdKpIPZsg4wR+B3+u9UAum2odSsF9tnvxg80h4ZxLWMy4pRjOsFIqQpw==
  /pg-pool/3.2.2_pg@8.5.1:
    dependencies:
      pg: 8.5.1
    dev: false
    peerDependencies:
      pg: '>=8.0'
    resolution:
      integrity: sha512-ORJoFxAlmmros8igi608iVEbQNNZlp89diFVx6yV5v+ehmpMY9sK6QgpmgoXbmkNaBAx8cOOZh9g80kJv1ooyA==
  /pg-protocol/1.4.0:
    dev: false
    resolution:
      integrity: sha512-El+aXWcwG/8wuFICMQjM5ZSAm6OWiJicFdNYo+VY3QP+8vI4SvLIWVe51PppTzMhikUJR+PsyIFKqfdXPz/yxA==
  /pg-types/2.2.0:
    dependencies:
      pg-int8: 1.0.1
      postgres-array: 2.0.0
      postgres-bytea: 1.0.0
      postgres-date: 1.0.7
      postgres-interval: 1.2.0
    dev: false
    engines:
      node: '>=4'
    resolution:
      integrity: sha512-qTAAlrEsl8s4OiEQY69wDvcMIdQN6wdz5ojQiOy6YRMuynxenON0O5oCpJI6lshc6scgAY8qvJ2On/p+CXY0GA==
  /pg/8.5.1:
    dependencies:
      buffer-writer: 2.0.0
      packet-reader: 1.0.0
      pg-connection-string: 2.4.0
      pg-pool: 3.2.2_pg@8.5.1
      pg-protocol: 1.4.0
      pg-types: 2.2.0
      pgpass: 1.0.4
    dev: false
    engines:
      node: '>= 8.0.0'
    peerDependencies:
      pg-native: '>=2.0.0'
    peerDependenciesMeta:
      pg-native:
        optional: true
    resolution:
      integrity: sha512-9wm3yX9lCfjvA98ybCyw2pADUivyNWT/yIP4ZcDVpMN0og70BUWYEGXPCTAQdGTAqnytfRADb7NERrY1qxhIqw==
  /pgpass/1.0.4:
    dependencies:
      split2: 3.2.2
    dev: false
    resolution:
      integrity: sha512-YmuA56alyBq7M59vxVBfPJrGSozru8QAdoNlWuW3cz8l+UX3cWge0vTvjKhsSHSJpo3Bom8/Mm6hf0TR5GY0+w==
  /pluralize/8.0.0:
    dev: false
    engines:
      node: '>=4'
    resolution:
      integrity: sha512-Nc3IT5yHzflTfbjgqWcCPpo7DaKy4FnpB0l/zCAW0Tc7jxAiuqSxHasntB3D7887LSrA93kDJ9IXovxJYxyLCA==
  /postgres-array/2.0.0:
    dev: false
    engines:
      node: '>=4'
    resolution:
      integrity: sha512-VpZrUqU5A69eQyW2c5CA1jtLecCsN2U/bD6VilrFDWq5+5UIEVO7nazS3TEcHf1zuPYO/sqGvUvW62g86RXZuA==
  /postgres-bytea/1.0.0:
    dev: false
    engines:
      node: '>=0.10.0'
    resolution:
      integrity: sha1-AntTPAqokOJtFy1Hz5zOzFIazTU=
  /postgres-date/1.0.7:
    dev: false
    engines:
      node: '>=0.10.0'
    resolution:
      integrity: sha512-suDmjLVQg78nMK2UZ454hAG+OAW+HQPZ6n++TNDUX+L0+uUlLywnoxJKDou51Zm+zTCjrCl0Nq6J9C5hP9vK/Q==
  /postgres-interval/1.2.0:
    dependencies:
      xtend: 4.0.2
    dev: false
    engines:
      node: '>=0.10.0'
    resolution:
      integrity: sha512-9ZhXKM/rw350N1ovuWHbGxnGh/SNJ4cnxHiM0rxE4VN41wsg8P8zWn9hv/buK00RP4WvlOyr/RBDiptyxVbkZQ==
  /process-nextick-args/2.0.1:
    dev: false
    resolution:
      integrity: sha512-3ouUOpQhtgrbOa17J7+uxOTpITYWaGP7/AhoR3+A+/1e9skrzelGi/dXzEYyvbxubEF6Wn2ypscTKiKJFFn1ag==
  /promise/7.3.1:
    dependencies:
      asap: 2.0.6
    dev: false
    resolution:
      integrity: sha512-nolQXZ/4L+bP/UGlkfaIujX9BKxGwmQ9OT4mOt5yvy8iK1h3wqTEJCijzGANTCCl9nWjY41juyAn2K3Q1hLLTg==
  /pug-attrs/3.0.0:
    dependencies:
      constantinople: 4.0.1
      js-stringify: 1.0.2
      pug-runtime: 3.0.1
    dev: false
    resolution:
      integrity: sha512-azINV9dUtzPMFQktvTXciNAfAuVh/L/JCl0vtPCwvOA21uZrC08K/UnmrL+SXGEVc1FwzjW62+xw5S/uaLj6cA==
  /pug-code-gen/3.0.2:
    dependencies:
      constantinople: 4.0.1
      doctypes: 1.1.0
      js-stringify: 1.0.2
      pug-attrs: 3.0.0
      pug-error: 2.0.0
      pug-runtime: 3.0.1
      void-elements: 3.1.0
      with: 7.0.2
    dev: false
    resolution:
      integrity: sha512-nJMhW16MbiGRiyR4miDTQMRWDgKplnHyeLvioEJYbk1RsPI3FuA3saEP8uwnTb2nTJEKBU90NFVWJBk4OU5qyg==
  /pug-error/2.0.0:
    dev: false
    resolution:
      integrity: sha512-sjiUsi9M4RAGHktC1drQfCr5C5eriu24Lfbt4s+7SykztEOwVZtbFk1RRq0tzLxcMxMYTBR+zMQaG07J/btayQ==
  /pug-filters/4.0.0:
    dependencies:
      constantinople: 4.0.1
      jstransformer: 1.0.0
      pug-error: 2.0.0
      pug-walk: 2.0.0
      resolve: 1.20.0
    dev: false
    resolution:
      integrity: sha512-yeNFtq5Yxmfz0f9z2rMXGw/8/4i1cCFecw/Q7+D0V2DdtII5UvqE12VaZ2AY7ri6o5RNXiweGH79OCq+2RQU4A==
  /pug-lexer/5.0.1:
    dependencies:
      character-parser: 2.2.0
      is-expression: 4.0.0
      pug-error: 2.0.0
    dev: false
    resolution:
      integrity: sha512-0I6C62+keXlZPZkOJeVam9aBLVP2EnbeDw3An+k0/QlqdwH6rv8284nko14Na7c0TtqtogfWXcRoFE4O4Ff20w==
  /pug-linker/4.0.0:
    dependencies:
      pug-error: 2.0.0
      pug-walk: 2.0.0
    dev: false
    resolution:
      integrity: sha512-gjD1yzp0yxbQqnzBAdlhbgoJL5qIFJw78juN1NpTLt/mfPJ5VgC4BvkoD3G23qKzJtIIXBbcCt6FioLSFLOHdw==
  /pug-load/3.0.0:
    dependencies:
      object-assign: 4.1.1
      pug-walk: 2.0.0
    dev: false
    resolution:
      integrity: sha512-OCjTEnhLWZBvS4zni/WUMjH2YSUosnsmjGBB1An7CsKQarYSWQ0GCVyd4eQPMFJqZ8w9xgs01QdiZXKVjk92EQ==
  /pug-parser/6.0.0:
    dependencies:
      pug-error: 2.0.0
      token-stream: 1.0.0
    dev: false
    resolution:
      integrity: sha512-ukiYM/9cH6Cml+AOl5kETtM9NR3WulyVP2y4HOU45DyMim1IeP/OOiyEWRr6qk5I5klpsBnbuHpwKmTx6WURnw==
  /pug-runtime/3.0.1:
    dev: false
    resolution:
      integrity: sha512-L50zbvrQ35TkpHwv0G6aLSuueDRwc/97XdY8kL3tOT0FmhgG7UypU3VztfV/LATAvmUfYi4wNxSajhSAeNN+Kg==
  /pug-strip-comments/2.0.0:
    dependencies:
      pug-error: 2.0.0
    dev: false
    resolution:
      integrity: sha512-zo8DsDpH7eTkPHCXFeAk1xZXJbyoTfdPlNR0bK7rpOMuhBYb0f5qUVCO1xlsitYd3w5FQTK7zpNVKb3rZoUrrQ==
  /pug-walk/2.0.0:
    dev: false
    resolution:
      integrity: sha512-yYELe9Q5q9IQhuvqsZNwA5hfPkMJ8u92bQLIMcsMxf/VADjNtEYptU+inlufAFYcWdHlwNfZOEnOOQrZrcyJCQ==
  /pug/3.0.2:
    dependencies:
      pug-code-gen: 3.0.2
      pug-filters: 4.0.0
      pug-lexer: 5.0.1
      pug-linker: 4.0.0
      pug-load: 3.0.0
      pug-parser: 6.0.0
      pug-runtime: 3.0.1
      pug-strip-comments: 2.0.0
    dev: false
    resolution:
      integrity: sha512-bp0I/hiK1D1vChHh6EfDxtndHji55XP/ZJKwsRqrz6lRia6ZC2OZbdAymlxdVFwd1L70ebrVJw4/eZ79skrIaw==
  /readable-stream/1.0.34:
    dependencies:
      core-util-is: 1.0.2
      inherits: 2.0.4
      isarray: 0.0.1
      string_decoder: 0.10.31
    dev: false
    resolution:
      integrity: sha1-Elgg40vIQtLyqq+v5MKRbuMsFXw=
  /readable-stream/2.3.7:
    dependencies:
      core-util-is: 1.0.2
      inherits: 2.0.4
      isarray: 1.0.0
      process-nextick-args: 2.0.1
      safe-buffer: 5.1.2
      string_decoder: 1.1.1
      util-deprecate: 1.0.2
    dev: false
    resolution:
      integrity: sha512-Ebho8K4jIbHAxnuxi7o42OrZgF/ZTNcsZj6nRKyUmkhLFq8CHItp/fy6hQZuZmP/n3yZ9VBUbp4zz/mX8hmYPw==
  /readable-stream/3.6.0:
    dependencies:
      inherits: 2.0.4
      string_decoder: 1.3.0
      util-deprecate: 1.0.2
    dev: false
    engines:
      node: '>= 6'
    resolution:
      integrity: sha512-BViHy7LKeTz4oNnkcLJ+lVSL6vpiFeX6/d3oSH8zCW7UxP2onchk+vTGB143xuFjHS3deTgkKoXXymXqymiIdA==
  /reflect-metadata/0.1.13:
    dev: false
    resolution:
      integrity: sha512-Ts1Y/anZELhSsjMcU605fU9RE4Oi3p5ORujwbIKXfWa+0Zxs510Qrmrce5/Jowq3cHSZSJqBjypxmHarc+vEWg==
  /require-directory/2.1.1:
    dev: false
    engines:
      node: '>=0.10.0'
    resolution:
      integrity: sha1-jGStX9MNqxyXbiNE/+f3kqam30I=
  /resolve/1.20.0:
    dependencies:
      is-core-module: 2.2.0
      path-parse: 1.0.6
    dev: false
    resolution:
      integrity: sha512-wENBPt4ySzg4ybFQW2TT1zMQucPK95HSh/nq2CFTZVOGut2+pQvSsgtda4d26YrYcr067wjbmzOG8byDPBX63A==
  /rimraf/3.0.2:
    dependencies:
      glob: 7.1.6
    dev: false
    hasBin: true
    resolution:
      integrity: sha512-JZkJMZkAGFFPP2YqXZXPbMlMBgsxzE8ILs4lMIX/2o0L9UBw9O/Y3o6wFw/i9YLapcUJWwqbi3kdxIPdC62TIA==
  /safe-buffer/5.1.2:
    dev: false
    resolution:
      integrity: sha512-Gd2UZBJDkXlY7GbJxfsE8/nvKkUEU1G38c1siN6QP6a9PT9MmHB8GnpscSmMJSoF8LOIrt8ud/wPtojys4G6+g==
  /safe-buffer/5.2.1:
    dev: false
    resolution:
      integrity: sha512-rp3So07KcdmmKbGvgaNxQSJr7bGVSVk5S9Eq1F+ppbRo70+YeaDxkw5Dd8NPN+GD6bjnYm2VuPuCXmpuYvmCXQ==
  /safer-buffer/2.1.2:
    dev: false
    resolution:
      integrity: sha512-YZo3K82SD7Riyi0E1EQPojLz7kpepnSQI9IyPbHHg1XXXevb5dJI7tpyN2ADxGcQbHG7vcyRHk0cbwqcQriUtg==
  /source-map-support/0.5.19:
    dependencies:
      buffer-from: 1.1.1
      source-map: 0.6.1
    dev: false
    resolution:
      integrity: sha512-Wonm7zOCIJzBGQdB+thsPar0kYuCIzYvxZwlBa87yi/Mdjv7Tip2cyVbLj5o0cFPN4EVkuTwb3GDDyUx2DGnGw==
  /source-map/0.6.1:
    dev: false
    engines:
      node: '>=0.10.0'
    resolution:
      integrity: sha512-UjgapumWlbMhkBgzT7Ykc5YXUT46F0iKu8SGXq0bcwP5dz/h0Plj6enJqjz1Zbq2l5WaqYnrVbwWOWMyF3F47g==
  /split2/3.2.2:
    dependencies:
      readable-stream: 3.6.0
    dev: false
    resolution:
      integrity: sha512-9NThjpgZnifTkJpzTZ7Eue85S49QwpNhZTq6GRJwObb6jnLFNGB7Qm73V5HewTROPyxD0C29xqmaI68bQtV+hg==
  /ssh2-streams/0.4.10:
    dependencies:
      asn1: 0.2.4
      bcrypt-pbkdf: 1.0.2
      streamsearch: 0.1.2
    dev: false
    engines:
      node: '>=5.2.0'
    resolution:
      integrity: sha512-8pnlMjvnIZJvmTzUIIA5nT4jr2ZWNNVHwyXfMGdRJbug9TpI3kd99ffglgfSWqujVv/0gxwMsDn9j9RVst8yhQ==
  /ssh2/0.8.9:
    dependencies:
      ssh2-streams: 0.4.10
    dev: false
    engines:
      node: '>=5.2.0'
    resolution:
      integrity: sha512-GmoNPxWDMkVpMFa9LVVzQZHF6EW3WKmBwL+4/GeILf2hFmix5Isxm7Amamo8o7bHiU0tC+wXsGcUXOxp8ChPaw==
  /streamsearch/0.1.2:
    dev: false
    engines:
      node: '>=0.8.0'
    resolution:
      integrity: sha1-gIudDlb8Jz2Am6VzOOkpkZoanxo=
  /string-width/4.2.2:
    dependencies:
      emoji-regex: 8.0.0
      is-fullwidth-code-point: 3.0.0
      strip-ansi: 6.0.0
    dev: false
    engines:
      node: '>=8'
    resolution:
      integrity: sha512-XBJbT3N4JhVumXE0eoLU9DCjcaF92KLNqTmFCnG1pf8duUxFGwtP6AD6nkjw9a3IdiRtL3E2w3JDiE/xi3vOeA==
  /string_decoder/0.10.31:
    dev: false
    resolution:
      integrity: sha1-YuIDvEF2bGwoyfyEMB2rHFMQ+pQ=
  /string_decoder/1.1.1:
    dependencies:
      safe-buffer: 5.1.2
    dev: false
    resolution:
      integrity: sha512-n/ShnvDi6FHbbVfviro+WojiFzv+s8MPMHBczVePfUpDJLwoLT0ht1l4YwBCbi8pJAveEEdnkHyPyTP/mzRfwg==
  /string_decoder/1.3.0:
    dependencies:
      safe-buffer: 5.2.1
    dev: false
    resolution:
      integrity: sha512-hkRX8U1WjJFd8LsDJ2yQ/wWWxaopEsABU1XfkM8A+j0+85JAGppt16cr1Whg6KIbb4okU6Mql6BOj+uup/wKeA==
  /strip-ansi/6.0.0:
    dependencies:
      ansi-regex: 5.0.0
    dev: false
    engines:
      node: '>=8'
    resolution:
      integrity: sha512-AuvKTrTfQNYNIctbR1K/YGTR1756GycPsg7b9bdV9Duqur4gv6aKqHXah67Z8ImS7WEz5QVcOtlfW2rZEugt6w==
  /through2/2.0.5:
    dependencies:
      readable-stream: 2.3.7
      xtend: 4.0.2
    dev: false
    resolution:
      integrity: sha512-/mrRod8xqpA+IHSLyGCQ2s8SPHiCDEeQJSep1jqLYeEUClOFG2Qsh+4FU6G9VeqpZnGW/Su8LQGc4YKni5rYSQ==
  /to-fast-properties/2.0.0:
    dev: false
    engines:
      node: '>=4'
    resolution:
      integrity: sha1-3F5pjL0HkmW8c+A3doGk5Og/YW4=
  /token-stream/1.0.0:
    dev: false
    resolution:
      integrity: sha1-zCAOqyYT9BZtJ/+a/HylbUnfbrQ=
  /ts-node/9.1.1_typescript@4.2.4:
    dependencies:
      arg: 4.1.3
      create-require: 1.1.1
      diff: 4.0.2
      make-error: 1.3.6
      source-map-support: 0.5.19
      typescript: 4.2.4
      yn: 3.1.1
    dev: false
    engines:
      node: '>=10.0.0'
    hasBin: true
    peerDependencies:
      typescript: '>=2.7'
    resolution:
      integrity: sha512-hPlt7ZACERQGf03M253ytLY3dHbGNGrAq9qIHWUY9XHYl1z7wYngSr3OQ5xmui8o2AaxsONxIzjafLUiWBo1Fg==
  /tweetnacl/0.14.5:
    dev: false
    resolution:
      integrity: sha1-WuaBd/GS1EViadEIr6k/+HQ/T2Q=
  /typescript/4.2.4:
    dev: false
    engines:
      node: '>=4.2.0'
    hasBin: true
    resolution:
      integrity: sha512-V+evlYHZnQkaz8TRBuxTA92yZBPotr5H+WhQ7bD3hZUndx5tGOa1fuCgeSjxAzM1RiN5IzvadIXTVefuuwZCRg==
  /untildify/4.0.0:
    dev: false
    engines:
      node: '>=8'
    resolution:
      integrity: sha512-KK8xQ1mkzZeg9inewmFVDNkg3l5LUhoq9kN6iWYB/CC9YMG8HA+c1Q8HwDe6dEX7kErrEVNVBO3fWsVq5iDgtw==
  /util-deprecate/1.0.2:
    dev: false
    resolution:
      integrity: sha1-RQ1Nyfpw3nMnYvvS1KKJgUGaDM8=
  /uuid/8.3.2:
    dev: false
    hasBin: true
    resolution:
      integrity: sha512-+NYs2QeMWy+GWFOEm9xnn6HCDp0l7QBD7ml8zLUmJ+93Q5NF0NocErnwkTkXVFNiX3/fpC6afS8Dhb/gz7R7eg==
  /void-elements/3.1.0:
    dev: false
    engines:
      node: '>=0.10.0'
    resolution:
      integrity: sha1-YU9/v42AHwu18GYfWy9XhXUOTwk=
  /with/7.0.2:
    dependencies:
      '@babel/parser': 7.13.15
      '@babel/types': 7.13.14
      assert-never: 1.2.1
      babel-walk: 3.0.0-canary-5
    dev: false
    engines:
      node: '>= 10.0.0'
    resolution:
      integrity: sha512-RNGKj82nUPg3g5ygxkQl0R937xLyho1J24ItRCBTr/m1YnZkzJy1hUiHUJrc/VlsDQzsCnInEGSg3bci0Lmd4w==
  /wrap-ansi/7.0.0:
    dependencies:
      ansi-styles: 4.3.0
      string-width: 4.2.2
      strip-ansi: 6.0.0
    dev: false
    engines:
      node: '>=10'
    resolution:
      integrity: sha512-YVGIj2kamLSTxw6NsZjoBxfSwsn0ycdesmc4p+Q21c5zPuZ1pl+NfxVdxPtdHvmNVOQ6XSYG4AUtyt/Fi7D16Q==
  /wrappy/1.0.2:
    dev: false
    resolution:
      integrity: sha1-tSQ9jz7BqjXxNkYFvA0QNuMKtp8=
  /xtend/4.0.2:
    dev: false
    engines:
      node: '>=0.4'
    resolution:
      integrity: sha512-LKYU1iAXJXUgAXn9URjiu+MWhyUXHsvfp7mcuYm9dSUKK0/CjtrUwFAxD82/mCWbtLsGjFIad0wIsod4zrTAEQ==
  /y18n/5.0.8:
    dev: false
    engines:
      node: '>=10'
    resolution:
      integrity: sha512-0pfFzegeDWJHJIAmTLRP2DwHjdF5s7jo9tuztdQxAhINCdvS+3nGINqPd00AphqJR/0LhANUS6/+7SCb98YOfA==
  /yargs-parser/20.2.7:
    dev: false
    engines:
      node: '>=10'
    resolution:
      integrity: sha512-FiNkvbeHzB/syOjIUxFDCnhSfzAL8R5vs40MgLFBorXACCOAEaWu0gRZl14vG8MR9AOJIZbmkjhusqBYZ3HTHw==
  /yargs/16.2.0:
    dependencies:
      cliui: 7.0.4
      escalade: 3.1.1
      get-caller-file: 2.0.5
      require-directory: 2.1.1
      string-width: 4.2.2
      y18n: 5.0.8
      yargs-parser: 20.2.7
    dev: false
    engines:
      node: '>=10'
    resolution:
      integrity: sha512-D1mvvtDG0L5ft/jGWkLpG1+m0eQxOfaBvTNELraWj22wSVUMWxZUvYgJYcKh6jGGIkJFhH4IZPQhR4TKpc8mBw==
  /yn/3.1.1:
    dev: false
    engines:
      node: '>=6'
    resolution:
      integrity: sha512-Ux4ygGWsu2c7isFWe8Yu1YluJmqVhxqK2cLXNQA5AcC3QfbGNpM7fu0Y8b/z16pXLnFxZYvWhd3fhBY9DLmC6Q==
specifiers:
  '@extollo/cli': ^0.4.1
  '@extollo/di': ^0.4.2
  '@extollo/i18n': ^0.1.1
  '@extollo/lib': ^0.1.2
  '@extollo/orm': ^0.1.1
  '@extollo/util': ^0.3.1
  copyfiles: ^2.4.1
  typescript: ^4.1.3
